<?xml version="1.0" encoding="utf-8"?>
<Project ToolsVersion="4.0" xmlns="http://schemas.microsoft.com/developer/msbuild/2003">
  <ItemGroup>
    <Filter Include="Source Files">
      <UniqueIdentifier>{4FC737F1-C7A5-4376-A066-2A32D752A2FF}</UniqueIdentifier>
      <Extensions>cpp;c;cc;cxx;def;odl;idl;hpj;bat;asm;asmx</Extensions>
    </Filter>
    <Filter Include="Header Files">
      <UniqueIdentifier>{93995380-89BD-4b04-88EB-625FBE52EBFB}</UniqueIdentifier>
      <Extensions>h;hh;hpp;hxx;hm;inl;inc;xsd</Extensions>
    </Filter>
    <Filter Include="Resource Files">
      <UniqueIdentifier>{67DA6AB6-F800-4c08-8B7A-83BB121AAD01}</UniqueIdentifier>
      <Extensions>rc;ico;cur;bmp;dlg;rc2;rct;bin;rgs;gif;jpg;jpeg;jpe;resx;tiff;tif;png;wav;mfcribbon-ms</Extensions>
    </Filter>
    <Filter Include="libs">
      <UniqueIdentifier>{12a9ec20-0b7b-42ad-9f19-27935b405d88}</UniqueIdentifier>
    </Filter>
    <Filter Include="libs\pixeltoaster">
      <UniqueIdentifier>{14f0eb2e-92f6-47f1-96fb-118c8f82b60c}</UniqueIdentifier>
    </Filter>
    <Filter Include="libs\rocket">
      <UniqueIdentifier>{c007d9a7-60d5-46c6-baf7-99e94ed5eaf2}</UniqueIdentifier>
    </Filter>
    <Filter Include="libs\gason">
      <UniqueIdentifier>{efb77859-bc27-4712-81e6-219379e329b1}</UniqueIdentifier>
    </Filter>
  </ItemGroup>
  <ItemGroup>
    <ClInclude Include="stdafx.h">
      <Filter>Header Files</Filter>
    </ClInclude>
    <ClInclude Include="targetver.h">
      <Filter>Header Files</Filter>
    </ClInclude>
    <ClInclude Include="vec.h">
      <Filter>Header Files</Filter>
    </ClInclude>
    <ClInclude Include="..\rocket\data.h">
      <Filter>libs\rocket</Filter>
    </ClInclude>
    <ClInclude Include="..\rocket\sync.h">
      <Filter>libs\rocket</Filter>
    </ClInclude>
    <ClInclude Include="player.h">
      <Filter>Header Files</Filter>
    </ClInclude>
    <ClInclude Include="main.h">
      <Filter>Header Files</Filter>
    </ClInclude>
    <ClInclude Include="resource.h">
      <Filter>Header Files</Filter>
    </ClInclude>
    <ClInclude Include="rocket.h">
      <Filter>Header Files</Filter>
    </ClInclude>
    <ClInclude Include="profont.h">
      <Filter>Header Files</Filter>
    </ClInclude>
    <ClInclude Include="demo.h">
      <Filter>Header Files</Filter>
    </ClInclude>
    <ClInclude Include="viewport.h">
      <Filter>Header Files</Filter>
    </ClInclude>
    <ClInclude Include="texture.h">
      <Filter>Header Files</Filter>
    </ClInclude>
    <ClInclude Include="dib24.h">
      <Filter>Header Files</Filter>
    </ClInclude>
    <ClInclude Include="tri.h">
      <Filter>Header Files</Filter>
    </ClInclude>
    <ClInclude Include="canvas.h">
      <Filter>Header Files</Filter>
    </ClInclude>
    <ClInclude Include="utils.h">
      <Filter>Header Files</Filter>
    </ClInclude>
    <ClInclude Include="tri_sd.h">
      <Filter>Header Files</Filter>
    </ClInclude>
    <ClInclude Include="obj.h">
      <Filter>Header Files</Filter>
    </ClInclude>
    <ClInclude Include="mesh.h">
      <Filter>Header Files</Filter>
    </ClInclude>
    <ClInclude Include="render.h">
      <Filter>Header Files</Filter>
    </ClInclude>
    <ClInclude Include="clip.h">
      <Filter>Header Files</Filter>
    </ClInclude>
    <ClInclude Include="gason.h">
      <Filter>libs\gason</Filter>
    </ClInclude>
    <ClInclude Include="PixelToasterWindows.h">
      <Filter>libs\pixeltoaster</Filter>
    </ClInclude>
    <ClInclude Include="PixelToasterConversion.h">
      <Filter>libs\pixeltoaster</Filter>
    </ClInclude>
    <ClInclude Include="PixelToasterCommon.h">
      <Filter>libs\pixeltoaster</Filter>
    </ClInclude>
    <ClInclude Include="PixelToaster.h">
      <Filter>libs\pixeltoaster</Filter>
    </ClInclude>
    <ClInclude Include="aligned_allocator.h">
      <Filter>libs</Filter>
    </ClInclude>
    <ClInclude Include="picopng.h">
      <Filter>libs</Filter>
    </ClInclude>
    <ClInclude Include="ryg_srgb.h">
      <Filter>libs</Filter>
    </ClInclude>
    <ClInclude Include="meshops.h">
      <Filter>Header Files</Filter>
    </ClInclude>
    <ClInclude Include="vec_soa.h">
      <Filter>Header Files</Filter>
    </ClInclude>
  </ItemGroup>
  <ItemGroup>
    <ClCompile Include="main.cpp">
      <Filter>Source Files</Filter>
    </ClCompile>
    <ClCompile Include="vec.cpp">
      <Filter>Source Files</Filter>
    </ClCompile>
    <ClCompile Include="stdafx.cpp">
      <Filter>Source Files</Filter>
    </ClCompile>
    <ClCompile Include="..\rocket\data.c">
      <Filter>libs\rocket</Filter>
    </ClCompile>
    <ClCompile Include="..\rocket\device.c">
      <Filter>libs\rocket</Filter>
    </ClCompile>
    <ClCompile Include="..\rocket\track.c">
      <Filter>libs\rocket</Filter>
    </ClCompile>
    <ClCompile Include="player.cpp">
      <Filter>Source Files</Filter>
    </ClCompile>
    <ClCompile Include="boot.cpp">
      <Filter>Source Files</Filter>
    </ClCompile>
    <ClCompile Include="rocket.cpp">
      <Filter>Source Files</Filter>
    </ClCompile>
    <ClCompile Include="profont.cpp">
      <Filter>Source Files</Filter>
    </ClCompile>
    <ClCompile Include="demo.cpp">
      <Filter>Source Files</Filter>
    </ClCompile>
    <ClCompile Include="viewport.cpp">
      <Filter>Source Files</Filter>
    </ClCompile>
    <ClCompile Include="texture.cpp">
      <Filter>Source Files</Filter>
    </ClCompile>
    <ClCompile Include="obj.cpp">
      <Filter>Source Files</Filter>
    </ClCompile>
    <ClCompile Include="mesh.cpp">
      <Filter>Source Files</Filter>
    </ClCompile>
    <ClCompile Include="render.cpp">
      <Filter>Source Files</Filter>
    </ClCompile>
    <ClCompile Include="canvas.cpp">
      <Filter>Source Files</Filter>
    </ClCompile>
    <ClCompile Include="utils.cpp">
      <Filter>Source Files</Filter>
    </ClCompile>
    <ClCompile Include="gason.cpp">
      <Filter>libs\gason</Filter>
    </ClCompile>
    <ClCompile Include="PixelToaster.cpp">
      <Filter>libs\pixeltoaster</Filter>
    </ClCompile>
    <ClCompile Include="picopng.cpp">
      <Filter>libs</Filter>
    </ClCompile>
    <ClCompile Include="dib24.cpp">
      <Filter>libs</Filter>
    </ClCompile>
  </ItemGroup>
  <ItemGroup>
    <ResourceCompile Include="boot.rc">
      <Filter>Resource Files</Filter>
    </ResourceCompile>
  </ItemGroup>
</Project>